PODS:
  - Firebase/CoreOnly (12.15.0):
    - FirebaseCore (~> 12.15.0)
  - Firebase/Messaging (12.15.0):
    - Firebase/CoreOnly
    - FirebaseMessaging (~> 12.15.0)
  - firebase_core (4.11.0):
    - Firebase/CoreOnly (= 12.15.0)
    - Flutter
  - firebase_messaging (16.4.1):
    - Firebase/Messaging (= 12.15.0)
    - firebase_core
    - Flutter
  - FirebaseCore (12.15.0):
    - FirebaseCoreInternal (~> 12.15.0)
    - GoogleUtilities/Environment (~> 8.1)
    - GoogleUtilities/Logger (~> 8.1)
  - FirebaseCoreInternal (12.15.0):
    - "GoogleUtilities/NSData+zlib (~> 8.1)"
  - FirebaseInstallations (12.15.0):
    - FirebaseCore (~> 12.15.0)
    - GoogleUtilities/Environment (~> 8.1)
    - GoogleUtilities/UserDefaults (~> 8.1)
    - PromisesObjC (~> 2.4)
  - FirebaseMessaging (12.15.0):
    - FirebaseCore (~> 12.15.0)
    - FirebaseInstallations (~> 12.15.0)
    - GoogleDataTransport (~> 10.1)
    - GoogleUtilities/AppDelegateSwizzler (~> 8.1)
    - GoogleUtilities/Environment (~> 8.1)
    - GoogleUtilities/Reachability (~> 8.1)
    - GoogleUtilities/UserDefaults (~> 8.1)
    - nanopb (~> 3.30910.0)
  - Flutter (1.0.0)
  - flutter_local_notifications (0.0.1):
    - Flutter
  - flutter_webrtc (1.6.0):
    - Flutter
    - WebRTC-SDK (= 144.7559.09)
  - GoogleDataTransport (10.1.0):
    - nanopb (~> 3.30910.0)
    - PromisesObjC (~> 2.4)
  - GoogleUtilities/AppDelegateSwizzler (8.1.2):
    - GoogleUtilities/Environment
    - GoogleUtilities/Logger
    - GoogleUtilities/Network
    - GoogleUtilities/Privacy
  - GoogleUtilities/Environment (8.1.2):
    - GoogleUtilities/Privacy
  - GoogleUtilities/Logger (8.1.2):
    - GoogleUtilities/Environment
    - GoogleUtilities/Privacy
  - GoogleUtilities/Network (8.1.2):
    - GoogleUtilities/Logger
    - "GoogleUtilities/NSData+zlib"
    - GoogleUtilities/Privacy
    - GoogleUtilities/Reachability
  - "GoogleUtilities/NSData+zlib (8.1.2)":
    - GoogleUtilities/Privacy
  - GoogleUtilities/Privacy (8.1.2)
  - GoogleUtilities/Reachability (8.1.2):
    - GoogleUtilities/Logger
    - GoogleUtilities/Privacy
  - GoogleUtilities/UserDefaults (8.1.2):
    - GoogleUtilities/Logger
    - GoogleUtilities/Privacy
  - image_picker_ios (0.0.1):
    - Flutter
  - nanopb (3.30910.0):
    - nanopb/decode (= 3.30910.0)
    - nanopb/encode (= 3.30910.0)
  - nanopb/decode (3.30910.0)
  - nanopb/encode (3.30910.0)
  - permission_handler_apple (9.4.8):
    - Flutter
  - PromisesObjC (2.4.1)
  - shared_preferences_foundation (0.0.1):
    - Flutter
    - FlutterMacOS
  - sqflite_darwin (0.0.4):
    - Flutter
    - FlutterMacOS
  - WebRTC-SDK (144.7559.09)

DEPENDENCIES:
  - firebase_core (from `.symlinks/plugins/firebase_core/ios`)
  - firebase_messaging (from `.symlinks/plugins/firebase_messaging/ios`)
  - Flutter (from `Flutter`)
  - flutter_local_notifications (from `.symlinks/plugins/flutter_local_notifications/ios`)
  - flutter_webrtc (from `.symlinks/plugins/flutter_webrtc/ios`)
  - image_picker_ios (from `.symlinks/plugins/image_picker_ios/ios`)
  - permission_handler_apple (from `.symlinks/plugins/permission_handler_apple/ios`)
  - shared_preferences_foundation (from `.symlinks/plugins/shared_preferences_foundation/darwin`)
  - sqflite_darwin (from `.symlinks/plugins/sqflite_darwin/darwin`)

SPEC REPOS:
  trunk:
    - Firebase
    - FirebaseCore
    - FirebaseCoreInternal
    - FirebaseInstallations
    - FirebaseMessaging
    - GoogleDataTransport
    - GoogleUtilities
    - nanopb
    - PromisesObjC
    - WebRTC-SDK

EXTERNAL SOURCES:
  firebase_core:
    :path: ".symlinks/plugins/firebase_core/ios"
  firebase_messaging:
    :path: ".symlinks/plugins/firebase_messaging/ios"
  Flutter:
    :path: Flutter
  flutter_local_notifications:
    :path: ".symlinks/plugins/flutter_local_notifications/ios"
  flutter_webrtc:
    :path: ".symlinks/plugins/flutter_webrtc/ios"
  image_picker_ios:
    :path: ".symlinks/plugins/image_picker_ios/ios"
  permission_handler_apple:
    :path: ".symlinks/plugins/permission_handler_apple/ios"
  shared_preferences_foundation:
    :path: ".symlinks/plugins/shared_preferences_foundation/darwin"
  sqflite_darwin:
    :path: ".symlinks/plugins/sqflite_darwin/darwin"

SPEC CHECKSUMS:
  Firebase: a8539b633d474fbeb654c7043f9c1649e274045b
  firebase_core: 2f51bd38a4e012634cf229f81dc9e2506df32f1c
  firebase_messaging: c8d9730ad2cf85f50f1e16be82ffebcb9a20a792
  FirebaseCore: 2e86a4ea1684d4381707069e4a6d89ac808e901e
  FirebaseCoreInternal: 6ab6a02c94446c026d2cf35cf5383842ebaa4992
  FirebaseInstallations: eb29ccbf64eaedf86fd5b2ccc7fabde567660b52
  FirebaseMessaging: 40017d7bc8457ee295b0f41d480a80fdabc9994e
  Flutter: cabc95a1d2626b1b06e7179b784ebcf0c0cde467
  flutter_local_notifications: eda81afddbf18f8589f6ec069ce593c4c6378769
  flutter_webrtc: 19bcbbf93f6ef06ec1c0ef9dbeae6a27b970108b
  GoogleDataTransport: aae35b7ea0c09004c3797d53c8c41f66f219d6a7
  GoogleUtilities: 766ace00c6b10d8148408f329d10c4f051931850
  image_picker_ios: 4f2f91b01abdb52842a8e277617df877e40f905b
  nanopb: fad817b59e0457d11a5dfbde799381cd727c1275
  permission_handler_apple: ee2fe0fd04551b304eb002714ff067c371c822ed
  PromisesObjC: 752c3227f599e3467650e47ea36f433eeb10c273
  shared_preferences_foundation: 5086985c1d43c5ba4d5e69a4e8083a389e2909e6
  sqflite_darwin: 5a7236e3b501866c1c9befc6771dfd73ffb8702d
  WebRTC-SDK: e6006119cd730d6315d875e4a421b6cc8bb88833

PODFILE CHECKSUM: 730ca1d520a9fe9ef4bde1e2416f9216afd23004

COCOAPODS: 1.16.2
